
Microsoft Visual Studio Solution File, Format Version 12.00
# Visual Studio Version 17
VisualStudioVersion = 17.0.31903.59
MinimumVisualStudioVersion = 10.0.40219.1
Project("{2150E333-8FDC-42A3-9474-1A3956D46DE8}") = "domain", "domain", "{5319380A-6A32-48D7-9A18-233C4AE5E3DB}"
EndProject
Project("{FAE04EC0-301F-11D3-BF4B-00C04F79EFBC}") = "SoftServis", "domain\SoftServis\SoftServis.csproj", "{9C1B2D5B-0190-4E76-B0C7-5FD9F0CB2EDF}"
EndProject
Project("{2150E333-8FDC-42A3-9474-1A3956D46DE8}") = "Infrastructure", "Infrastructure", "{31EBD01E-AAFB-4EA8-9A9C-D2FA86C47140}"
EndProject
Project("{FAE04EC0-301F-11D3-BF4B-00C04F79EFBC}") = "SoftServis.Memory", "Infrastructure\SoftServis.Menory\SoftServis.Memory.csproj", "{80BB452E-F6C2-4A9B-BEB1-E8E5124C9715}"
EndProject
Project("{2150E333-8FDC-42A3-9474-1A3956D46DE8}") = "Presintasion", "Presintasion", "{DB6D6E68-474B-4420-9D1D-1E5DE3BCD688}"
EndProject
Project("{FAE04EC0-301F-11D3-BF4B-00C04F79EFBC}") = "WpfApp", "Presintasion\WpfApp\WpfApp.csproj", "{B282633E-90C4-43B1-963A-4445FBA0E5D5}"
EndProject
Global
	GlobalSection(SolutionConfigurationPlatforms) = preSolution
		Debug|Any CPU = Debug|Any CPU
		Release|Any CPU = Release|Any CPU
	EndGlobalSection
	GlobalSection(ProjectConfigurationPlatforms) = postSolution
		{9C1B2D5B-0190-4E76-B0C7-5FD9F0CB2EDF}.Debug|Any CPU.ActiveCfg = Debug|Any CPU
		{9C1B2D5B-0190-4E76-B0C7-5FD9F0CB2EDF}.Debug|Any CPU.Build.0 = Debug|Any CPU
		{9C1B2D5B-0190-4E76-B0C7-5FD9F0CB2EDF}.Release|Any CPU.ActiveCfg = Release|Any CPU
		{9C1B2D5B-0190-4E76-B0C7-5FD9F0CB2EDF}.Release|Any CPU.Build.0 = Release|Any CPU
		{80BB452E-F6C2-4A9B-BEB1-E8E5124C9715}.Debug|Any CPU.ActiveCfg = Debug|Any CPU
		{80BB452E-F6C2-4A9B-BEB1-E8E5124C9715}.Debug|Any CPU.Build.0 = Debug|Any CPU
		{80BB452E-F6C2-4A9B-BEB1-E8E5124C9715}.Release|Any CPU.ActiveCfg = Release|Any CPU
		{80BB452E-F6C2-4A9B-BEB1-E8E5124C9715}.Release|Any CPU.Build.0 = Release|Any CPU
		{B282633E-90C4-43B1-963A-4445FBA0E5D5}.Debug|Any CPU.ActiveCfg = Debug|Any CPU
		{B282633E-90C4-43B1-963A-4445FBA0E5D5}.Debug|Any CPU.Build.0 = Debug|Any CPU
		{B282633E-90C4-43B1-963A-4445FBA0E5D5}.Release|Any CPU.ActiveCfg = Release|Any CPU
		{B282633E-90C4-43B1-963A-4445FBA0E5D5}.Release|Any CPU.Build.0 = Release|Any CPU
	EndGlobalSection
	GlobalSection(SolutionProperties) = preSolution
		HideSolutionNode = FALSE
	EndGlobalSection
	GlobalSection(NestedProjects) = preSolution
		{9C1B2D5B-0190-4E76-B0C7-5FD9F0CB2EDF} = {5319380A-6A32-48D7-9A18-233C4AE5E3DB}
		{80BB452E-F6C2-4A9B-BEB1-E8E5124C9715} = {31EBD01E-AAFB-4EA8-9A9C-D2FA86C47140}
		{B282633E-90C4-43B1-963A-4445FBA0E5D5} = {DB6D6E68-474B-4420-9D1D-1E5DE3BCD688}
	EndGlobalSection
EndGlobal
